// !$*UTF8*$!
{
	archiveVersion = 1;
	classes = {
	};
	objectVersion = 55;
	objects = {

/* Begin PBXBuildFile section */
		3233498E28965C1E00F0F4F9 /* Slots_AppApp.swift in Sources */ = {isa = PBXBuildFile; fileRef = 3233498D28965C1E00F0F4F9 /* Slots_AppApp.swift */; };
		3233499028965C1E00F0F4F9 /* ContentView.swift in Sources */ = {isa = PBXBuildFile; fileRef = 3233498F28965C1E00F0F4F9 /* ContentView.swift */; };
		3233499228965C1F00F0F4F9 /* Assets.xcassets in Resources */ = {isa = PBXBuildFile; fileRef = 3233499128965C1F00F0F4F9 /* Assets.xcassets */; };
		3233499528965C1F00F0F4F9 /* Preview Assets.xcassets in Resources */ = {isa = PBXBuildFile; fileRef = 3233499428965C1F00F0F4F9 /* Preview Assets.xcassets */; };
		3233499F28965C1F00F0F4F9 /* Slots_AppTests.swift in Sources */ = {isa = PBXBuildFile; fileRef = 3233499E28965C1F00F0F4F9 /* Slots_AppTests.swift */; };
		323349A928965C1F00F0F4F9 /* Slots_AppUITests.swift in Sources */ = {isa = PBXBuildFile; fileRef = 323349A828965C1F00F0F4F9 /* Slots_AppUITests.swift */; };
		323349AB28965C1F00F0F4F9 /* Slots_AppUITestsLaunchTests.swift in Sources */ = {isa = PBXBuildFile; fileRef = 323349AA28965C1F00F0F4F9 /* Slots_AppUITestsLaunchTests.swift */; };
		323349B828965D4E00F0F4F9 /* buttonView.swift in Sources */ = {isa = PBXBuildFile; fileRef = 323349B728965D4D00F0F4F9 /* buttonView.swift */; };
/* End PBXBuildFile section */

/* Begin PBXContainerItemProxy section */
		3233499B28965C1F00F0F4F9 /* PBXContainerItemProxy */ = {
			isa = PBXContainerItemProxy;
			containerPortal = 3233498228965C1E00F0F4F9 /* Project object */;
			proxyType = 1;
			remoteGlobalIDString = 3233498928965C1E00F0F4F9;
			remoteInfo = "Slots App";
		};
		323349A528965C1F00F0F4F9 /* PBXContainerItemProxy */ = {
			isa = PBXContainerItemProxy;
			containerPortal = 3233498228965C1E00F0F4F9 /* Project object */;
			proxyType = 1;
			remoteGlobalIDString = 3233498928965C1E00F0F4F9;
			remoteInfo = "Slots App";
		};
/* End PBXContainerItemProxy section */

/* Begin PBXFileReference section */
		3233498A28965C1E00F0F4F9 /* Slots App.app */ = {isa = PBXFileReference; explicitFileType = wrapper.application; includeInIndex = 0; path = "Slots App.app"; sourceTree = BUILT_PRODUCTS_DIR; };
		3233498D28965C1E00F0F4F9 /* Slots_AppApp.swift */ = {isa = PBXFileReference; lastKnownFileType = sourcecode.swift; path = Slots_AppApp.swift; sourceTree = "<group>"; };
		3233498F28965C1E00F0F4F9 /* ContentView.swift */ = {isa = PBXFileReference; lastKnownFileType = sourcecode.swift; path = ContentView.swift; sourceTree = "<group>"; };
		3233499128965C1F00F0F4F9 /* Assets.xcassets */ = {isa = PBXFileReference; lastKnownFileType = folder.assetcatalog; path = Assets.xcassets; sourceTree = "<group>"; };
		3233499428965C1F00F0F4F9 /* Preview Assets.xcassets */ = {isa = PBXFileReference; lastKnownFileType = folder.assetcatalog; path = "Preview Assets.xcassets"; sourceTree = "<group>"; };
		3233499A28965C1F00F0F4F9 /* Slots AppTests.xctest */ = {isa = PBXFileReference; explicitFileType = wrapper.cfbundle; includeInIndex = 0; path = "Slots AppTests.xctest"; sourceTree = BUILT_PRODUCTS_DIR; };
		3233499E28965C1F00F0F4F9 /* Slots_AppTests.swift */ = {isa = PBXFileReference; lastKnownFileType = sourcecode.swift; path = Slots_AppTests.swift; sourceTree = "<group>"; };
		323349A428965C1F00F0F4F9 /* Slots AppUITests.xctest */ = {isa = PBXFileReference; explicitFileType = wrapper.cfbundle; includeInIndex = 0; path = "Slots AppUITests.xctest"; sourceTree = BUILT_PRODUCTS_DIR; };
		323349A828965C1F00F0F4F9 /* Slots_AppUITests.swift */ = {isa = PBXFileReference; lastKnownFileType = sourcecode.swift; path = Slots_AppUITests.swift; sourceTree = "<group>"; };
		323349AA28965C1F00F0F4F9 /* Slots_AppUITestsLaunchTests.swift */ = {isa = PBXFileReference; lastKnownFileType = sourcecode.swift; path = Slots_AppUITestsLaunchTests.swift; sourceTree = "<group>"; };
		323349B728965D4D00F0F4F9 /* buttonView.swift */ = {isa = PBXFileReference; lastKnownFileType = sourcecode.swift; path = buttonView.swift; sourceTree = "<group>"; };
/* End PBXFileReference section */

/* Begin PBXFrameworksBuildPhase section */
		3233498728965C1E00F0F4F9 /* Frameworks */ = {
			isa = PBXFrameworksBuildPhase;
			buildActionMask = 2147483647;
			files = (
			);
			runOnlyForDeploymentPostprocessing = 0;
		};
		3233499728965C1F00F0F4F9 /* Frameworks */ = {
			isa = PBXFrameworksBuildPhase;
			buildActionMask = 2147483647;
			files = (
			);
			runOnlyForDeploymentPostprocessing = 0;
		};
		323349A128965C1F00F0F4F9 /* Frameworks */ = {
			isa = PBXFrameworksBuildPhase;
			buildActionMask = 2147483647;
			files = (
			);
			runOnlyForDeploymentPostprocessing = 0;
		};
/* End PBXFrameworksBuildPhase section */

/* Begin PBXGroup section */
		3233498128965C1E00F0F4F9 = {
			isa = PBXGroup;
			children = (
				3233498C28965C1E00F0F4F9 /* Slots App */,
				3233499D28965C1F00F0F4F9 /* Slots AppTests */,
				323349A728965C1F00F0F4F9 /* Slots AppUITests */,
				3233498B28965C1E00F0F4F9 /* Products */,
			);
			sourceTree = "<group>";
		};
		3233498B28965C1E00F0F4F9 /* Products */ = {
			isa = PBXGroup;
			children = (
				3233498A28965C1E00F0F4F9 /* Slots App.app */,
				3233499A28965C1F00F0F4F9 /* Slots AppTests.xctest */,
				323349A428965C1F00F0F4F9 /* Slots AppUITests.xctest */,
			);
			name = Products;
			sourceTree = "<group>";
		};
		3233498C28965C1E00F0F4F9 /* Slots App */ = {
			isa = PBXGroup;
			children = (
				3233498D28965C1E00F0F4F9 /* Slots_AppApp.swift */,
				3233498F28965C1E00F0F4F9 /* ContentView.swift */,
				323349B728965D4D00F0F4F9 /* buttonView.swift */,
				3233499128965C1F00F0F4F9 /* Assets.xcassets */,
				3233499328965C1F00F0F4F9 /* Preview Content */,
			);
			path = "Slots App";
			sourceTree = "<group>";
		};
		3233499328965C1F00F0F4F9 /* Preview Content */ = {
			isa = PBXGroup;
			children = (
				3233499428965C1F00F0F4F9 /* Preview Assets.xcassets */,
			);
			path = "Preview Content";
			sourceTree = "<group>";
		};
		3233499D28965C1F00F0F4F9 /* Slots AppTests */ = {
			isa = PBXGroup;
			children = (
				3233499E28965C1F00F0F4F9 /* Slots_AppTests.swift */,
			);
			path = "Slots AppTests";
			sourceTree = "<group>";
		};
		323349A728965C1F00F0F4F9 /* Slots AppUITests */ = {
			isa = PBXGroup;
			children = (
				323349A828965C1F00F0F4F9 /* Slots_AppUITests.swift */,
				323349AA28965C1F00F0F4F9 /* Slots_AppUITestsLaunchTests.swift */,
			);
			path = "Slots AppUITests";
			sourceTree = "<group>";
		};
/* End PBXGroup section */

/* Begin PBXNativeTarget section */
		3233498928965C1E00F0F4F9 /* Slots App */ = {
			isa = PBXNativeTarget;
			buildConfigurationList = 323349AE28965C1F00F0F4F9 /* Build configuration list for PBXNativeTarget "Slots App" */;
			buildPhases = (
				3233498628965C1E00F0F4F9 /* Sources */,
				3233498728965C1E00F0F4F9 /* Frameworks */,
				3233498828965C1E00F0F4F9 /* Resources */,
			);
			buildRules = (
			);
			dependencies = (
			);
			name = "Slots App";
			productName = "Slots App";
			productReference = 3233498A28965C1E00F0F4F9 /* Slots App.app */;
			productType = "com.apple.product-type.application";
		};
		3233499928965C1F00F0F4F9 /* Slots AppTests */ = {
			isa = PBXNativeTarget;
			buildConfigurationList = 323349B128965C1F00F0F4F9 /* Build configuration list for PBXNativeTarget "Slots AppTests" */;
			buildPhases = (
				3233499628965C1F00F0F4F9 /* Sources */,
				3233499728965C1F00F0F4F9 /* Frameworks */,
				3233499828965C1F00F0F4F9 /* Resources */,
			);
			buildRules = (
			);
			dependencies = (
				3233499C28965C1F00F0F4F9 /* PBXTargetDependency */,
			);
			name = "Slots AppTests";
			productName = "Slots AppTests";
			productReference = 3233499A28965C1F00F0F4F9 /* Slots AppTests.xctest */;
			productType = "com.apple.product-type.bundle.unit-test";
		};
		323349A328965C1F00F0F4F9 /* Slots AppUITests */ = {
			isa = PBXNativeTarget;
			buildConfigurationList = 323349B428965C1F00F0F4F9 /* Build configuration list for PBXNativeTarget "Slots AppUITests" */;
			buildPhases = (
				323349A028965C1F00F0F4F9 /* Sources */,
				323349A128965C1F00F0F4F9 /* Frameworks */,
				323349A228965C1F00F0F4F9 /* Resources */,
			);
			buildRules = (
			);
			dependencies = (
				323349A628965C1F00F0F4F9 /* PBXTargetDependency */,
			);
			name = "Slots AppUITests";
			productName = "Slots AppUITests";
			productReference = 323349A428965C1F00F0F4F9 /* Slots AppUITests.xctest */;
			productType = "com.apple.product-type.bundle.ui-testing";
		};
/* End PBXNativeTarget section */

/* Begin PBXProject section */
		3233498228965C1E00F0F4F9 /* Project object */ = {
			isa = PBXProject;
			attributes = {
				BuildIndependentTargetsInParallel = 1;
				LastSwiftUpdateCheck = 1340;
				LastUpgradeCheck = 1340;
				TargetAttributes = {
					3233498928965C1E00F0F4F9 = {
						CreatedOnToolsVersion = 13.4.1;
					};
					3233499928965C1F00F0F4F9 = {
						CreatedOnToolsVersion = 13.4.1;
						TestTargetID = 3233498928965C1E00F0F4F9;
					};
					323349A328965C1F00F0F4F9 = {
						CreatedOnToolsVersion = 13.4.1;
						TestTargetID = 3233498928965C1E00F0F4F9;
					};
				};
			};
			buildConfigurationList = 3233498528965C1E00F0F4F9 /* Build configuration list for PBXProject "Slots App" */;
			compatibilityVersion = "Xcode 13.0";
			developmentRegion = en;
			hasScannedForEncodings = 0;
			knownRegions = (
				en,
				Base,
			);
			mainGroup = 3233498128965C1E00F0F4F9;
			productRefGroup = 3233498B28965C1E00F0F4F9 /* Products */;
			projectDirPath = "";
			projectRoot = "";
			targets = (
				3233498928965C1E00F0F4F9 /* Slots App */,
				3233499928965C1F00F0F4F9 /* Slots AppTests */,
				323349A328965C1F00F0F4F9 /* Slots AppUITests */,
			);
		};
/* End PBXProject section */

/* Begin PBXResourcesBuildPhase section */
		3233498828965C1E00F0F4F9 /* Resources */ = {
			isa = PBXResourcesBuildPhase;
			buildActionMask = 2147483647;
			files = (
				3233499528965C1F00F0F4F9 /* Preview Assets.xcassets in Resources */,
				3233499228965C1F00F0F4F9 /* Assets.xcassets in Resources */,
			);
			runOnlyForDeploymentPostprocessing = 0;
		};
		3233499828965C1F00F0F4F9 /* Resources */ = {
			isa = PBXResourcesBuildPhase;
			buildActionMask = 2147483647;
			files = (
			);
			runOnlyForDeploymentPostprocessing = 0;
		};
		323349A228965C1F00F0F4F9 /* Resources */ = {
			isa = PBXResourcesBuildPhase;
			buildActionMask = 2147483647;
			files = (
			);
			runOnlyForDeploymentPostprocessing = 0;
		};
/* End PBXResourcesBuildPhase section */

/* Begin PBXSourcesBuildPhase section */
		3233498628965C1E00F0F4F9 /* Sources */ = {
			isa = PBXSourcesBuildPhase;
			buildActionMask = 2147483647;
			files = (
				323349B828965D4E00F0F4F9 /* buttonView.swift in Sources */,
				3233499028965C1E00F0F4F9 /* ContentView.swift in Sources */,
				3233498E28965C1E00F0F4F9 /* Slots_AppApp.swift in Sources */,
			);
			runOnlyForDeploymentPostprocessing = 0;
		};
		3233499628965C1F00F0F4F9 /* Sources */ = {
			isa = PBXSourcesBuildPhase;
			buildActionMask = 2147483647;
			files = (
				3233499F28965C1F00F0F4F9 /* Slots_AppTests.swift in Sources */,
			);
			runOnlyForDeploymentPostprocessing = 0;
		};
		323349A028965C1F00F0F4F9 /* Sources */ = {
			isa = PBXSourcesBuildPhase;
			buildActionMask = 2147483647;
			files = (
				323349AB28965C1F00F0F4F9 /* Slots_AppUITestsLaunchTests.swift in Sources */,
				323349A928965C1F00F0F4F9 /* Slots_AppUITests.swift in Sources */,
			);
			runOnlyForDeploymentPostprocessing = 0;
		};
/* End PBXSourcesBuildPhase section */

/* Begin PBXTargetDependency section */
		3233499C28965C1F00F0F4F9 /* PBXTargetDependency */ = {
			isa = PBXTargetDependency;
			target = 3233498928965C1E00F0F4F9 /* Slots App */;
			targetProxy = 3233499B28965C1F00F0F4F9 /* PBXContainerItemProxy */;
		};
		323349A628965C1F00F0F4F9 /* PBXTargetDependency */ = {
			isa = PBXTargetDependency;
			target = 3233498928965C1E00F0F4F9 /* Slots App */;
			targetProxy = 323349A528965C1F00F0F4F9 /* PBXContainerItemProxy */;
		};
/* End PBXTargetDependency section */

/* Begin XCBuildConfiguration section */
		323349AC28965C1F00F0F4F9 /* Debug */ = {
			isa = XCBuildConfiguration;
			buildSettings = {
				ALWAYS_SEARCH_USER_PATHS = NO;
				CLANG_ANALYZER_NONNULL = YES;
				CLANG_ANALYZER_NUMBER_OBJECT_CONVERSION = YES_AGGRESSIVE;
				CLANG_CXX_LANGUAGE_STANDARD = "gnu++17";
				CLANG_ENABLE_MODULES = YES;
				CLANG_ENABLE_OBJC_ARC = YES;
				CLANG_ENABLE_OBJC_WEAK = YES;
				CLANG_WARN_BLOCK_CAPTURE_AUTORELEASING = YES;
				CLANG_WARN_BOOL_CONVERSION = YES;
				CLANG_WARN_COMMA = YES;
				CLANG_WARN_CONSTANT_CONVERSION = YES;
				CLANG_WARN_DEPRECATED_OBJC_IMPLEMENTATIONS = YES;
				CLANG_WARN_DIRECT_OBJC_ISA_USAGE = YES_ERROR;
				CLANG_WARN_DOCUMENTATION_COMMENTS = YES;
				CLANG_WARN_EMPTY_BODY = YES;
				CLANG_WARN_ENUM_CONVERSION = YES;
				CLANG_WARN_INFINITE_RECURSION = YES;
				CLANG_WARN_INT_CONVERSION = YES;
				CLANG_WARN_NON_LITERAL_NULL_CONVERSION = YES;
				CLANG_WARN_OBJC_IMPLICIT_RETAIN_SELF = YES;
				CLANG_WARN_OBJC_LITERAL_CONVERSION = YES;
				CLANG_WARN_OBJC_ROOT_CLASS = YES_ERROR;
				CLANG_WARN_QUOTED_INCLUDE_IN_FRAMEWORK_HEADER = YES;
				CLANG_WARN_RANGE_LOOP_ANALYSIS = YES;
				CLANG_WARN_STRICT_PROTOTYPES = YES;
				CLANG_WARN_SUSPICIOUS_MOVE = YES;
				CLANG_WARN_UNGUARDED_AVAILABILITY = YES_AGGRESSIVE;
				CLANG_WARN_UNREACHABLE_CODE = YES;
				CLANG_WARN__DUPLICATE_METHOD_MATCH = YES;
				COPY_PHASE_STRIP = NO;
				DEBUG_INFORMATION_FORMAT = dwarf;
				ENABLE_STRICT_OBJC_MSGSEND = YES;
				ENABLE_TESTABILITY = YES;
				GCC_C_LANGUAGE_STANDARD = gnu11;
				GCC_DYNAMIC_NO_PIC = NO;
				GCC_NO_COMMON_BLOCKS = YES;
				GCC_OPTIMIZATION_LEVEL = 0;
				GCC_PREPROCESSOR_DEFINITIONS = (
					"DEBUG=1",
					"$(inherited)",
				);
				GCC_WARN_64_TO_32_BIT_CONVERSION = YES;
				GCC_WARN_ABOUT_RETURN_TYPE = YES_ERROR;
				GCC_WARN_UNDECLARED_SELECTOR = YES;
				GCC_WARN_UNINITIALIZED_AUTOS = YES_AGGRESSIVE;
				GCC_WARN_UNUSED_FUNCTION = YES;
				GCC_WARN_UNUSED_VARIABLE = YES;
				IPHONEOS_DEPLOYMENT_TARGET = 15.5;
				MTL_ENABLE_DEBUG_INFO = INCLUDE_SOURCE;
				MTL_FAST_MATH = YES;
				ONLY_ACTIVE_ARCH = YES;
				SDKROOT = iphoneos;
				SWIFT_ACTIVE_COMPILATION_CONDITIONS = DEBUG;
				SWIFT_OPTIMIZATION_LEVEL = "-Onone";
			};
			name = Debug;
		};
		323349AD28965C1F00F0F4F9 /* Release */ = {
			isa = XCBuildConfiguration;
			buildSettings = {
				ALWAYS_SEARCH_USER_PATHS = NO;
				CLANG_ANALYZER_NONNULL = YES;
				CLANG_ANALYZER_NUMBER_OBJECT_CONVERSION = YES_AGGRESSIVE;
				CLANG_CXX_LANGUAGE_STANDARD = "gnu++17";
				CLANG_ENABLE_MODULES = YES;
				CLANG_ENABLE_OBJC_ARC = YES;
				CLANG_ENABLE_OBJC_WEAK = YES;
				CLANG_WARN_BLOCK_CAPTURE_AUTORELEASING = YES;
				CLANG_WARN_BOOL_CONVERSION = YES;
				CLANG_WARN_COMMA = YES;
				CLANG_WARN_CONSTANT_CONVERSION = YES;
				CLANG_WARN_DEPRECATED_OBJC_IMPLEMENTATIONS = YES;
				CLANG_WARN_DIRECT_OBJC_ISA_USAGE = YES_ERROR;
				CLANG_WARN_DOCUMENTATION_COMMENTS = YES;
				CLANG_WARN_EMPTY_BODY = YES;
				CLANG_WARN_ENUM_CONVERSION = YES;
				CLANG_WARN_INFINITE_RECURSION = YES;
				CLANG_WARN_INT_CONVERSION = YES;
				CLANG_WARN_NON_LITERAL_NULL_CONVERSION = YES;
				CLANG_WARN_OBJC_IMPLICIT_RETAIN_SELF = YES;
				CLANG_WARN_OBJC_LITERAL_CONVERSION = YES;
				CLANG_WARN_OBJC_ROOT_CLASS = YES_ERROR;
				CLANG_WARN_QUOTED_INCLUDE_IN_FRAMEWORK_HEADER = YES;
				CLANG_WARN_RANGE_LOOP_ANALYSIS = YES;
				CLANG_WARN_STRICT_PROTOTYPES = YES;
				CLANG_WARN_SUSPICIOUS_MOVE = YES;
				CLANG_WARN_UNGUARDED_AVAILABILITY = YES_AGGRESSIVE;
				CLANG_WARN_UNREACHABLE_CODE = YES;
				CLANG_WARN__DUPLICATE_METHOD_MATCH = YES;
				COPY_PHASE_STRIP = NO;
				DEBUG_INFORMATION_FORMAT = "dwarf-with-dsym";
				ENABLE_NS_ASSERTIONS = NO;
				ENABLE_STRICT_OBJC_MSGSEND = YES;
				GCC_C_LANGUAGE_STANDARD = gnu11;
				GCC_NO_COMMON_BLOCKS = YES;
				GCC_WARN_64_TO_32_BIT_CONVERSION = YES;
				GCC_WARN_ABOUT_RETURN_TYPE = YES_ERROR;
				GCC_WARN_UNDECLARED_SELECTOR = YES;
				GCC_WARN_UNINITIALIZED_AUTOS = YES_AGGRESSIVE;
				GCC_WARN_UNUSED_FUNCTION = YES;
				GCC_WARN_UNUSED_VARIABLE = YES;
				IPHONEOS_DEPLOYMENT_TARGET = 15.5;
				MTL_ENABLE_DEBUG_INFO = NO;
				MTL_FAST_MATH = YES;
				SDKROOT = iphoneos;
				SWIFT_COMPILATION_MODE = wholemodule;
				SWIFT_OPTIMIZATION_LEVEL = "-O";
				VALIDATE_PRODUCT = YES;
			};
			name = Release;
		};
		323349AF28965C1F00F0F4F9 /* Debug */ = {
			isa = XCBuildConfiguration;
			buildSettings = {
				ASSETCATALOG_COMPILER_APPICON_NAME = AppIcon;
				ASSETCATALOG_COMPILER_GLOBAL_ACCENT_COLOR_NAME = AccentColor;
				CODE_SIGN_STYLE = Automatic;
				CURRENT_PROJECT_VERSION = 1;
				DEVELOPMENT_ASSET_PATHS = "\"Slots App/Preview Content\"";
				DEVELOPMENT_TEAM = 7S5KXF68WA;
				ENABLE_PREVIEWS = YES;
				GENERATE_INFOPLIST_FILE = YES;
				INFOPLIST_KEY_UIApplicationSceneManifest_Generation = YES;
				INFOPLIST_KEY_UIApplicationSupportsIndirectInputEvents = YES;
				INFOPLIST_KEY_UILaunchScreen_Generation = YES;
				INFOPLIST_KEY_UISupportedInterfaceOrientations_iPad = "UIInterfaceOrientationPortrait UIInterfaceOrientationPortraitUpsideDown UIInterfaceOrientationLandscapeLeft UIInterfaceOrientationLandscapeRight";
				INFOPLIST_KEY_UISupportedInterfaceOrientations_iPhone = "UIInterfaceOrientationPortrait UIInterfaceOrientationLandscapeLeft UIInterfaceOrientationLandscapeRight";
				LD_RUNPATH_SEARCH_PATHS = (
					"$(inherited)",
					"@executable_path/Frameworks",
				);
				MARKETING_VERSION = 1.0;
				PRODUCT_BUNDLE_IDENTIFIER = "ArthurSh.Slots-App";
				PRODUCT_NAME = "$(TARGET_NAME)";
				SWIFT_EMIT_LOC_STRINGS = YES;
				SWIFT_VERSION = 5.0;
				TARGETED_DEVICE_FAMILY = "1,2";
			};
			name = Debug;
		};
		323349B028965C1F00F0F4F9 /* Release */ = {
			isa = XCBuildConfiguration;
			buildSettings = {
				ASSETCATALOG_COMPILER_APPICON_NAME = AppIcon;
				ASSETCATALOG_COMPILER_GLOBAL_ACCENT_COLOR_NAME = AccentColor;
				CODE_SIGN_STYLE = Automatic;
				CURRENT_PROJECT_VERSION = 1;
				DEVELOPMENT_ASSET_PATHS = "\"Slots App/Preview Content\"";
				DEVELOPMENT_TEAM = 7S5KXF68WA;
				ENABLE_PREVIEWS = YES;
				GENERATE_INFOPLIST_FILE = YES;
				INFOPLIST_KEY_UIApplicationSceneManifest_Generation = YES;
				INFOPLIST_KEY_UIApplicationSupportsIndirectInputEvents = YES;
				INFOPLIST_KEY_UILaunchScreen_Generation = YES;
				INFOPLIST_KEY_UISupportedInterfaceOrientations_iPad = "UIInterfaceOrientationPortrait UIInterfaceOrientationPortraitUpsideDown UIInterfaceOrientationLandscapeLeft UIInterfaceOrientationLandscapeRight";
				INFOPLIST_KEY_UISupportedInterfaceOrientations_iPhone = "UIInterfaceOrientationPortrait UIInterfaceOrientationLandscapeLeft UIInterfaceOrientationLandscapeRight";
				LD_RUNPATH_SEARCH_PATHS = (
					"$(inherited)",
					"@executable_path/Frameworks",
				);
				MARKETING_VERSION = 1.0;
				PRODUCT_BUNDLE_IDENTIFIER = "ArthurSh.Slots-App";
				PRODUCT_NAME = "$(TARGET_NAME)";
				SWIFT_EMIT_LOC_STRINGS = YES;
				SWIFT_VERSION = 5.0;
				TARGETED_DEVICE_FAMILY = "1,2";
			};
			name = Release;
		};
		323349B228965C1F00F0F4F9 /* Debug */ = {
			isa = XCBuildConfiguration;
			buildSettings = {
				ALWAYS_EMBED_SWIFT_STANDARD_LIBRARIES = YES;
				BUNDLE_LOADER = "$(TEST_HOST)";
				CODE_SIGN_STYLE = Automatic;
				CURRENT_PROJECT_VERSION = 1;
				DEVELOPMENT_TEAM = 7S5KXF68WA;
				GENERATE_INFOPLIST_FILE = YES;
				IPHONEOS_DEPLOYMENT_TARGET = 15.5;
				MARKETING_VERSION = 1.0;
				PRODUCT_BUNDLE_IDENTIFIER = "ArthurSh.Slots-AppTests";
				PRODUCT_NAME = "$(TARGET_NAME)";
				SWIFT_EMIT_LOC_STRINGS = NO;
				SWIFT_VERSION = 5.0;
				TARGETED_DEVICE_FAMILY = "1,2";
				TEST_HOST = "$(BUILT_PRODUCTS_DIR)/Slots App.app/Slots App";
			};
			name = Debug;
		};
		323349B328965C1F00F0F4F9 /* Release */ = {
			isa = XCBuildConfiguration;
			buildSettings = {
				ALWAYS_EMBED_SWIFT_STANDARD_LIBRARIES = YES;
				BUNDLE_LOADER = "$(TEST_HOST)";
				CODE_SIGN_STYLE = Automatic;
				CURRENT_PROJECT_VERSION = 1;
				DEVELOPMENT_TEAM = 7S5KXF68WA;
				GENERATE_INFOPLIST_FILE = YES;
				IPHONEOS_DEPLOYMENT_TARGET = 15.5;
				MARKETING_VERSION = 1.0;
				PRODUCT_BUNDLE_IDENTIFIER = "ArthurSh.Slots-AppTests";
				PRODUCT_NAME = "$(TARGET_NAME)";
				SWIFT_EMIT_LOC_STRINGS = NO;
				SWIFT_VERSION = 5.0;
				TARGETED_DEVICE_FAMILY = "1,2";
				TEST_HOST = "$(BUILT_PRODUCTS_DIR)/Slots App.app/Slots App";
			};
			name = Release;
		};
		323349B528965C1F00F0F4F9 /* Debug */ = {
			isa = XCBuildConfiguration;
			buildSettings = {
				ALWAYS_EMBED_SWIFT_STANDARD_LIBRARIES = YES;
				CODE_SIGN_STYLE = Automatic;
				CURRENT_PROJECT_VERSION = 1;
				DEVELOPMENT_TEAM = 7S5KXF68WA;
				GENERATE_INFOPLIST_FILE = YES;
				MARKETING_VERSION = 1.0;
				PRODUCT_BUNDLE_IDENTIFIER = "ArthurSh.Slots-AppUITests";
				PRODUCT_NAME = "$(TARGET_NAME)";
				SWIFT_EMIT_LOC_STRINGS = NO;
				SWIFT_VERSION = 5.0;
				TARGETED_DEVICE_FAMILY = "1,2";
				TEST_TARGET_NAME = "Slots App";
			};
			name = Debug;
		};
		323349B628965C1F00F0F4F9 /* Release */ = {
			isa = XCBuildConfiguration;
			buildSettings = {
				ALWAYS_EMBED_SWIFT_STANDARD_LIBRARIES = YES;
				CODE_SIGN_STYLE = Automatic;
				CURRENT_PROJECT_VERSION = 1;
				DEVELOPMENT_TEAM = 7S5KXF68WA;
				GENERATE_INFOPLIST_FILE = YES;
				MARKETING_VERSION = 1.0;
				PRODUCT_BUNDLE_IDENTIFIER = "ArthurSh.Slots-AppUITests";
				PRODUCT_NAME = "$(TARGET_NAME)";
				SWIFT_EMIT_LOC_STRINGS = NO;
				SWIFT_VERSION = 5.0;
				TARGETED_DEVICE_FAMILY = "1,2";
				TEST_TARGET_NAME = "Slots App";
			};
			name = Release;
		};
/* End XCBuildConfiguration section */

/* Begin XCConfigurationList section */
		3233498528965C1E00F0F4F9 /* Build configuration list for PBXProject "Slots App" */ = {
			isa = XCConfigurationList;
			buildConfigurations = (
				323349AC28965C1F00F0F4F9 /* Debug */,
				323349AD28965C1F00F0F4F9 /* Release */,
			);
			defaultConfigurationIsVisible = 0;
			defaultConfigurationName = Release;
		};
		323349AE28965C1F00F0F4F9 /* Build configuration list for PBXNativeTarget "Slots App" */ = {
			isa = XCConfigurationList;
			buildConfigurations = (
				323349AF28965C1F00F0F4F9 /* Debug */,
				323349B028965C1F00F0F4F9 /* Release */,
			);
			defaultConfigurationIsVisible = 0;
			defaultConfigurationName = Release;
		};
		323349B128965C1F00F0F4F9 /* Build configuration list for PBXNativeTarget "Slots AppTests" */ = {
			isa = XCConfigurationList;
			buildConfigurations = (
				323349B228965C1F00F0F4F9 /* Debug */,
				323349B328965C1F00F0F4F9 /* Release */,
			);
			defaultConfigurationIsVisible = 0;
			defaultConfigurationName = Release;
		};
		323349B428965C1F00F0F4F9 /* Build configuration list for PBXNativeTarget "Slots AppUITests" */ = {
			isa = XCConfigurationList;
			buildConfigurations = (
				323349B528965C1F00F0F4F9 /* Debug */,
				323349B628965C1F00F0F4F9 /* Release */,
			);
			defaultConfigurationIsVisible = 0;
			defaultConfigurationName = Release;
		};
/* End XCConfigurationList section */
	};
	rootObject = 3233498228965C1E00F0F4F9 /* Project object */;
}
